Microsoft Visual Studio Solution File, Format Version 12.00
# Visual Studio Version 17
VisualStudioVersion = 17.5.2.0
MinimumVisualStudioVersion = 10.0.40219.1
Project("{FAE04EC0-301F-11D3-BF4B-00C04F79EFBC}") = "MusicSystemApp", "MusicSystemApp\MusicSystemApp.csproj", "{0A7A8650-7E37-CC82-D831-4888EEEBDDCF}"
EndProject
Global
	GlobalSection(SolutionConfigurationPlatforms) = preSolution
		Debug|Any CPU = Debug|Any CPU
		Release|Any CPU = Release|Any CPU
	EndGlobalSection
	GlobalSection(ProjectConfigurationPlatforms) = postSolution
		{0A7A8650-7E37-CC82-D831-4888EEEBDDCF}.Debug|Any CPU.ActiveCfg = Debug|Any CPU
		{0A7A8650-7E37-CC82-D831-4888EEEBDDCF}.Debug|Any CPU.Build.0 = Debug|Any CPU
		{0A7A8650-7E37-CC82-D831-4888EEEBDDCF}.Release|Any CPU.ActiveCfg = Release|Any CPU
		{0A7A8650-7E37-CC82-D831-4888EEEBDDCF}.Release|Any CPU.Build.0 = Release|Any CPU
	EndGlobalSection
	GlobalSection(SolutionProperties) = preSolution
		HideSolutionNode = FALSE
	EndGlobalSection
	GlobalSection(ExtensibilityGlobals) = postSolution
		SolutionGuid = {2C600A6F-CCE6-4087-828A-557BBE61D16C}
	EndGlobalSection
EndGlobal
